
Microsoft Visual Studio Solution File, Format Version 12.00
# Visual Studio Version 17
VisualStudioVersion = 17.3.32929.385
MinimumVisualStudioVersion = 10.0.40219.1
Project("{FAE04EC0-301F-11D3-BF4B-00C04F79EFBC}") = "SmartMobileWMS.Android", "Smart_Orders_Project\Smart_Orders_Project.Android\SmartMobileWMS.Android.csproj", "{9173D8F1-18E4-49A4-8378-B4F0E977C0A3}"
EndProject
Project("{FAE04EC0-301F-11D3-BF4B-00C04F79EFBC}") = "SmartMobileWMS.iOS", "Smart_Orders_Project\Smart_Orders_Project.iOS\SmartMobileWMS.iOS.csproj", "{3AA49A61-E58C-4C0F-9473-003991497AF0}"
EndProject
Project("{9A19103F-16F7-4668-BE54-9A1E7A4F7556}") = "SmartMobileWMS", "Smart_Orders_Project\Smart_Orders_Project\SmartMobileWMS.csproj", "{05CD96C4-E284-4238-A618-3AD5D678E1F7}"
EndProject
Global
	GlobalSection(SolutionConfigurationPlatforms) = preSolution
		Debug|Any CPU = Debug|Any CPU
		Debug|iPhone = Debug|iPhone
		Debug|iPhoneSimulator = Debug|iPhoneSimulator
		Release|Any CPU = Release|Any CPU
		Release|iPhone = Release|iPhone
		Release|iPhoneSimulator = Release|iPhoneSimulator
	EndGlobalSection
	GlobalSection(ProjectConfigurationPlatforms) = postSolution
		{9173D8F1-18E4-49A4-8378-B4F0E977C0A3}.Debug|Any CPU.ActiveCfg = Debug|Any CPU
		{9173D8F1-18E4-49A4-8378-B4F0E977C0A3}.Debug|Any CPU.Build.0 = Debug|Any CPU
		{9173D8F1-18E4-49A4-8378-B4F0E977C0A3}.Debug|Any CPU.Deploy.0 = Debug|Any CPU
		{9173D8F1-18E4-49A4-8378-B4F0E977C0A3}.Debug|iPhone.ActiveCfg = Debug|Any CPU
		{9173D8F1-18E4-49A4-8378-B4F0E977C0A3}.Debug|iPhone.Build.0 = Debug|Any CPU
		{9173D8F1-18E4-49A4-8378-B4F0E977C0A3}.Debug|iPhone.Deploy.0 = Debug|Any CPU
		{9173D8F1-18E4-49A4-8378-B4F0E977C0A3}.Debug|iPhoneSimulator.ActiveCfg = Debug|Any CPU
		{9173D8F1-18E4-49A4-8378-B4F0E977C0A3}.Debug|iPhoneSimulator.Build.0 = Debug|Any CPU
		{9173D8F1-18E4-49A4-8378-B4F0E977C0A3}.Debug|iPhoneSimulator.Deploy.0 = Debug|Any CPU
		{9173D8F1-18E4-49A4-8378-B4F0E977C0A3}.Release|Any CPU.ActiveCfg = Release|Any CPU
		{9173D8F1-18E4-49A4-8378-B4F0E977C0A3}.Release|Any CPU.Build.0 = Release|Any CPU
		{9173D8F1-18E4-49A4-8378-B4F0E977C0A3}.Release|Any CPU.Deploy.0 = Release|Any CPU
		{9173D8F1-18E4-49A4-8378-B4F0E977C0A3}.Release|iPhone.ActiveCfg = Release|Any CPU
		{9173D8F1-18E4-49A4-8378-B4F0E977C0A3}.Release|iPhone.Build.0 = Release|Any CPU
		{9173D8F1-18E4-49A4-8378-B4F0E977C0A3}.Release|iPhone.Deploy.0 = Release|Any CPU
		{9173D8F1-18E4-49A4-8378-B4F0E977C0A3}.Release|iPhoneSimulator.ActiveCfg = Release|Any CPU
		{9173D8F1-18E4-49A4-8378-B4F0E977C0A3}.Release|iPhoneSimulator.Build.0 = Release|Any CPU
		{9173D8F1-18E4-49A4-8378-B4F0E977C0A3}.Release|iPhoneSimulator.Deploy.0 = Release|Any CPU
		{3AA49A61-E58C-4C0F-9473-003991497AF0}.Debug|Any CPU.ActiveCfg = Debug|iPhone
		{3AA49A61-E58C-4C0F-9473-003991497AF0}.Debug|Any CPU.Build.0 = Debug|iPhone
		{3AA49A61-E58C-4C0F-9473-003991497AF0}.Debug|Any CPU.Deploy.0 = Debug|iPhone
		{3AA49A61-E58C-4C0F-9473-003991497AF0}.Debug|iPhone.ActiveCfg = Debug|iPhone
		{3AA49A61-E58C-4C0F-9473-003991497AF0}.Debug|iPhone.Build.0 = Debug|iPhone
		{3AA49A61-E58C-4C0F-9473-003991497AF0}.Debug|iPhone.Deploy.0 = Debug|iPhone
		{3AA49A61-E58C-4C0F-9473-003991497AF0}.Debug|iPhoneSimulator.ActiveCfg = Debug|iPhoneSimulator
		{3AA49A61-E58C-4C0F-9473-003991497AF0}.Debug|iPhoneSimulator.Build.0 = Debug|iPhoneSimulator
		{3AA49A61-E58C-4C0F-9473-003991497AF0}.Debug|iPhoneSimulator.Deploy.0 = Debug|iPhoneSimulator
		{3AA49A61-E58C-4C0F-9473-003991497AF0}.Release|Any CPU.ActiveCfg = Release|iPhoneSimulator
		{3AA49A61-E58C-4C0F-9473-003991497AF0}.Release|Any CPU.Build.0 = Release|iPhoneSimulator
		{3AA49A61-E58C-4C0F-9473-003991497AF0}.Release|Any CPU.Deploy.0 = Release|iPhoneSimulator
		{3AA49A61-E58C-4C0F-9473-003991497AF0}.Release|iPhone.ActiveCfg = Release|iPhone
		{3AA49A61-E58C-4C0F-9473-003991497AF0}.Release|iPhone.Build.0 = Release|iPhone
		{3AA49A61-E58C-4C0F-9473-003991497AF0}.Release|iPhone.Deploy.0 = Release|iPhone
		{3AA49A61-E58C-4C0F-9473-003991497AF0}.Release|iPhoneSimulator.ActiveCfg = Release|iPhoneSimulator
		{3AA49A61-E58C-4C0F-9473-003991497AF0}.Release|iPhoneSimulator.Build.0 = Release|iPhoneSimulator
		{3AA49A61-E58C-4C0F-9473-003991497AF0}.Release|iPhoneSimulator.Deploy.0 = Release|iPhoneSimulator
		{05CD96C4-E284-4238-A618-3AD5D678E1F7}.Debug|Any CPU.ActiveCfg = Debug|Any CPU
		{05CD96C4-E284-4238-A618-3AD5D678E1F7}.Debug|Any CPU.Build.0 = Debug|Any CPU
		{05CD96C4-E284-4238-A618-3AD5D678E1F7}.Debug|Any CPU.Deploy.0 = Debug|Any CPU
		{05CD96C4-E284-4238-A618-3AD5D678E1F7}.Debug|iPhone.ActiveCfg = Debug|Any CPU
		{05CD96C4-E284-4238-A618-3AD5D678E1F7}.Debug|iPhone.Build.0 = Debug|Any CPU
		{05CD96C4-E284-4238-A618-3AD5D678E1F7}.Debug|iPhone.Deploy.0 = Debug|Any CPU
		{05CD96C4-E284-4238-A618-3AD5D678E1F7}.Debug|iPhoneSimulator.ActiveCfg = Debug|Any CPU
		{05CD96C4-E284-4238-A618-3AD5D678E1F7}.Debug|iPhoneSimulator.Build.0 = Debug|Any CPU
		{05CD96C4-E284-4238-A618-3AD5D678E1F7}.Debug|iPhoneSimulator.Deploy.0 = Debug|Any CPU
		{05CD96C4-E284-4238-A618-3AD5D678E1F7}.Release|Any CPU.ActiveCfg = Release|Any CPU
		{05CD96C4-E284-4238-A618-3AD5D678E1F7}.Release|Any CPU.Build.0 = Release|Any CPU
		{05CD96C4-E284-4238-A618-3AD5D678E1F7}.Release|Any CPU.Deploy.0 = Release|Any CPU
		{05CD96C4-E284-4238-A618-3AD5D678E1F7}.Release|iPhone.ActiveCfg = Release|Any CPU
		{05CD96C4-E284-4238-A618-3AD5D678E1F7}.Release|iPhone.Build.0 = Release|Any CPU
		{05CD96C4-E284-4238-A618-3AD5D678E1F7}.Release|iPhone.Deploy.0 = Release|Any CPU
		{05CD96C4-E284-4238-A618-3AD5D678E1F7}.Release|iPhoneSimulator.ActiveCfg = Release|Any CPU
		{05CD96C4-E284-4238-A618-3AD5D678E1F7}.Release|iPhoneSimulator.Build.0 = Release|Any CPU
		{05CD96C4-E284-4238-A618-3AD5D678E1F7}.Release|iPhoneSimulator.Deploy.0 = Release|Any CPU
	EndGlobalSection
	GlobalSection(SolutionProperties) = preSolution
		HideSolutionNode = FALSE
	EndGlobalSection
	GlobalSection(ExtensibilityGlobals) = postSolution
		SolutionGuid = {6C426B96-4611-4926-A5B7-F1DF34E46B57}
	EndGlobalSection
EndGlobal
